<?xml version="1.0" encoding="utf-8"?>
<Project ToolsVersion="4.0" xmlns="http://schemas.microsoft.com/developer/msbuild/2003">
  <ItemGroup>
    <Filter Include="Source Files">
      <UniqueIdentifier>{916f7dc7-808e-4ce5-9ef2-89cad4ec7dce}</UniqueIdentifier>
      <Extensions>cpp;c;cxx;rc;def;r;odl;idl;hpj;bat</Extensions>
    </Filter>
    <Filter Include="Source Files\Utils">
      <UniqueIdentifier>{3c05616e-f09a-403b-8c4b-69db7e507336}</UniqueIdentifier>
    </Filter>
    <Filter Include="Source Files\Core">
      <UniqueIdentifier>{2a067e42-3a6a-4188-9719-3f5948a0faa9}</UniqueIdentifier>
    </Filter>
    <Filter Include="Source Files\Layout">
      <UniqueIdentifier>{7f5f694a-8d2b-4b0c-a5c4-a6e6198fec4f}</UniqueIdentifier>
    </Filter>
    <Filter Include="Source Files\Control">
      <UniqueIdentifier>{7b12a092-5b82-42a2-a8c6-5124c16cb651}</UniqueIdentifier>
    </Filter>
    <Filter Include="Header Files">
      <UniqueIdentifier>{0049621f-e0c2-46b0-93ed-b99ded548edd}</UniqueIdentifier>
      <Extensions>h;hpp;hxx;hm;inl</Extensions>
    </Filter>
    <Filter Include="Header Files\Utils">
      <UniqueIdentifier>{70e67349-7263-431f-bea8-421fd67e21d6}</UniqueIdentifier>
    </Filter>
    <Filter Include="Header Files\Core">
      <UniqueIdentifier>{ec131896-8360-4090-96ec-7c16350dc97c}</UniqueIdentifier>
    </Filter>
    <Filter Include="Header Files\Layout">
      <UniqueIdentifier>{92f3d6ba-0bae-4c3f-9ef3-e1c746d45203}</UniqueIdentifier>
    </Filter>
    <Filter Include="Header Files\Control">
      <UniqueIdentifier>{29faead0-af80-4e26-94d4-39b54d2d3ca3}</UniqueIdentifier>
    </Filter>
    <Filter Include="Resource Files">
      <UniqueIdentifier>{cf3e77a9-f2a9-43a9-a9d1-4cd60f73a36b}</UniqueIdentifier>
      <Extensions>ico;cur;bmp;dlg;rc2;rct;bin;rgs;gif;jpg;jpeg;jpe</Extensions>
    </Filter>
    <Filter Include="Header Files\Animation">
      <UniqueIdentifier>{25e08751-9a9f-4981-9172-8f2a367f0c6f}</UniqueIdentifier>
    </Filter>
    <Filter Include="Source Files\Animation">
      <UniqueIdentifier>{a322da07-37b5-4bc5-9486-b79e2f584f46}</UniqueIdentifier>
    </Filter>
    <Filter Include="Header Files\Effect">
      <UniqueIdentifier>{c4f9e7dd-8860-4161-a628-d6d5a5f74584}</UniqueIdentifier>
    </Filter>
    <Filter Include="Source Files\Effect">
      <UniqueIdentifier>{fecb4468-28e6-420e-944b-6c456858f523}</UniqueIdentifier>
    </Filter>
    <Filter Include="Header Files\Pattern">
      <UniqueIdentifier>{308a4a59-d6fb-4594-b17a-6c7fd4c59741}</UniqueIdentifier>
    </Filter>
  </ItemGroup>
  <ItemGroup>
    <ClCompile Include="StdAfx.cpp">
      <Filter>Source Files</Filter>
    </ClCompile>
    <ClCompile Include="UIlib.cpp">
      <Filter>Source Files</Filter>
    </ClCompile>
    <ClCompile Include="Utils\stb_image.c">
      <Filter>Source Files\Utils</Filter>
    </ClCompile>
    <ClCompile Include="Utils\UIDelegate.cpp">
      <Filter>Source Files\Utils</Filter>
    </ClCompile>
    <ClCompile Include="Utils\Utils.cpp">
      <Filter>Source Files\Utils</Filter>
    </ClCompile>
    <ClCompile Include="Utils\XUnzip.cpp">
      <Filter>Source Files\Utils</Filter>
    </ClCompile>
    <ClCompile Include="Core\UIBase.cpp">
      <Filter>Source Files\Core</Filter>
    </ClCompile>
    <ClCompile Include="Core\UIContainer.cpp">
      <Filter>Source Files\Core</Filter>
    </ClCompile>
    <ClCompile Include="Core\UIControl.cpp">
      <Filter>Source Files\Core</Filter>
    </ClCompile>
    <ClCompile Include="Core\UIDlgBuilder.cpp">
      <Filter>Source Files\Core</Filter>
    </ClCompile>
    <ClCompile Include="Core\UIManager.cpp">
      <Filter>Source Files\Core</Filter>
    </ClCompile>
    <ClCompile Include="Core\UIMarkup.cpp">
      <Filter>Source Files\Core</Filter>
    </ClCompile>
    <ClCompile Include="Core\UIRender.cpp">
      <Filter>Source Files\Core</Filter>
    </ClCompile>
    <ClCompile Include="Layout\UIChildLayout.cpp">
      <Filter>Source Files\Layout</Filter>
    </ClCompile>
    <ClCompile Include="Layout\UIHorizontalLayout.cpp">
      <Filter>Source Files\Layout</Filter>
    </ClCompile>
    <ClCompile Include="Layout\UITabLayout.cpp">
      <Filter>Source Files\Layout</Filter>
    </ClCompile>
    <ClCompile Include="Layout\UITileLayout.cpp">
      <Filter>Source Files\Layout</Filter>
    </ClCompile>
    <ClCompile Include="Layout\UIVerticalLayout.cpp">
      <Filter>Source Files\Layout</Filter>
    </ClCompile>
    <ClCompile Include="Control\UIActiveX.cpp">
      <Filter>Source Files\Control</Filter>
    </ClCompile>
    <ClCompile Include="Control\UIButton.cpp">
      <Filter>Source Files\Control</Filter>
    </ClCompile>
    <ClCompile Include="Control\UICheckBox.cpp">
      <Filter>Source Files\Control</Filter>
    </ClCompile>
    <ClCompile Include="Control\UICombo.cpp">
      <Filter>Source Files\Control</Filter>
    </ClCompile>
    <ClCompile Include="Control\UIComboBox.cpp">
      <Filter>Source Files\Control</Filter>
    </ClCompile>
    <ClCompile Include="Control\UIDateTime.cpp">
      <Filter>Source Files\Control</Filter>
    </ClCompile>
    <ClCompile Include="Control\UIEdit.cpp">
      <Filter>Source Files\Control</Filter>
    </ClCompile>
    <ClCompile Include="Control\UILabel.cpp">
      <Filter>Source Files\Control</Filter>
    </ClCompile>
    <ClCompile Include="Control\UIList.cpp">
      <Filter>Source Files\Control</Filter>
    </ClCompile>
    <ClCompile Include="Control\UIOption.cpp">
      <Filter>Source Files\Control</Filter>
    </ClCompile>
    <ClCompile Include="Control\UIProgress.cpp">
      <Filter>Source Files\Control</Filter>
    </ClCompile>
    <ClCompile Include="Control\UIRichEdit.cpp">
      <Filter>Source Files\Control</Filter>
    </ClCompile>
    <ClCompile Include="Control\UIScrollBar.cpp">
      <Filter>Source Files\Control</Filter>
    </ClCompile>
    <ClCompile Include="Control\UISlider.cpp">
      <Filter>Source Files\Control</Filter>
    </ClCompile>
    <ClCompile Include="Control\UIText.cpp">
      <Filter>Source Files\Control</Filter>
    </ClCompile>
    <ClCompile Include="Control\UITreeView.cpp">
      <Filter>Source Files\Control</Filter>
    </ClCompile>
    <ClCompile Include="Control\UIWebBrowser.cpp">
      <Filter>Source Files\Control</Filter>
    </ClCompile>
    <ClCompile Include="animation\UIAnimation.cpp">
      <Filter>Source Files\Animation</Filter>
    </ClCompile>
    <ClCompile Include="animation\UIAnimationTabLayout.cpp">
      <Filter>Source Files\Animation</Filter>
    </ClCompile>
    <ClCompile Include="effect\UIFadeButton.cpp">
      <Filter>Source Files\Effect</Filter>
    </ClCompile>
    <ClCompile Include="effect\UIShadow.cpp">
      <Filter>Source Files\Effect</Filter>
    </ClCompile>
    <ClCompile Include="control\UIRotateButton.cpp">
      <Filter>Source Files\Control</Filter>
    </ClCompile>
    <ClCompile Include="animation\UIGifAnimation.cpp">
      <Filter>Source Files\Animation</Filter>
    </ClCompile>
    <ClCompile Include="control\UIMenu.cpp">
      <Filter>Source Files\Control</Filter>
    </ClCompile>
    <ClCompile Include="Utils\UIBaseWnd.cpp">
      <Filter>Source Files\Utils</Filter>
    </ClCompile>
    <ClCompile Include="utils\UIBaseDlg.cpp">
      <Filter>Source Files\Utils</Filter>
    </ClCompile>
    <ClCompile Include="control\UIMenuEx.cpp">
      <Filter>Source Files\Control</Filter>
    </ClCompile>
  </ItemGroup>
  <ItemGroup>
    <ClInclude Include="StdAfx.h">
      <Filter>Header Files</Filter>
    </ClInclude>
    <ClInclude Include="UIlib.h">
      <Filter>Header Files</Filter>
    </ClInclude>
    <ClInclude Include="Utils\downloadmgr.h">
      <Filter>Header Files\Utils</Filter>
    </ClInclude>
    <ClInclude Include="Utils\FlashEventHandler.h">
      <Filter>Header Files\Utils</Filter>
    </ClInclude>
    <ClInclude Include="Utils\UIDelegate.h">
      <Filter>Header Files\Utils</Filter>
    </ClInclude>
    <ClInclude Include="Utils\Utils.h">
      <Filter>Header Files\Utils</Filter>
    </ClInclude>
    <ClInclude Include="Utils\WebBrowserEventHandler.h">
      <Filter>Header Files\Utils</Filter>
    </ClInclude>
    <ClInclude Include="Core\UIBase.h">
      <Filter>Header Files\Core</Filter>
    </ClInclude>
    <ClInclude Include="Core\UIContainer.h">
      <Filter>Header Files\Core</Filter>
    </ClInclude>
    <ClInclude Include="Core\UIControl.h">
      <Filter>Header Files\Core</Filter>
    </ClInclude>
    <ClInclude Include="Core\UIDefine.h">
      <Filter>Header Files\Core</Filter>
    </ClInclude>
    <ClInclude Include="Core\UIDlgBuilder.h">
      <Filter>Header Files\Core</Filter>
    </ClInclude>
    <ClInclude Include="Core\UIManager.h">
      <Filter>Header Files\Core</Filter>
    </ClInclude>
    <ClInclude Include="Core\UIMarkup.h">
      <Filter>Header Files\Core</Filter>
    </ClInclude>
    <ClInclude Include="Core\UIRender.h">
      <Filter>Header Files\Core</Filter>
    </ClInclude>
    <ClInclude Include="Layout\UIChildLayout.h">
      <Filter>Header Files\Layout</Filter>
    </ClInclude>
    <ClInclude Include="Layout\UIHorizontalLayout.h">
      <Filter>Header Files\Layout</Filter>
    </ClInclude>
    <ClInclude Include="Layout\UITabLayout.h">
      <Filter>Header Files\Layout</Filter>
    </ClInclude>
    <ClInclude Include="Layout\UITileLayout.h">
      <Filter>Header Files\Layout</Filter>
    </ClInclude>
    <ClInclude Include="Layout\UIVerticalLayout.h">
      <Filter>Header Files\Layout</Filter>
    </ClInclude>
    <ClInclude Include="Control\UIActiveX.h">
      <Filter>Header Files\Control</Filter>
    </ClInclude>
    <ClInclude Include="Control\UIButton.h">
      <Filter>Header Files\Control</Filter>
    </ClInclude>
    <ClInclude Include="Control\UICheckBox.h">
      <Filter>Header Files\Control</Filter>
    </ClInclude>
    <ClInclude Include="Control\UICombo.h">
      <Filter>Header Files\Control</Filter>
    </ClInclude>
    <ClInclude Include="Control\UIComboBox.h">
      <Filter>Header Files\Control</Filter>
    </ClInclude>
    <ClInclude Include="Control\UIDateTime.h">
      <Filter>Header Files\Control</Filter>
    </ClInclude>
    <ClInclude Include="Control\UIEdit.h">
      <Filter>Header Files\Control</Filter>
    </ClInclude>
    <ClInclude Include="Control\UILabel.h">
      <Filter>Header Files\Control</Filter>
    </ClInclude>
    <ClInclude Include="Control\UIList.h">
      <Filter>Header Files\Control</Filter>
    </ClInclude>
    <ClInclude Include="Control\UIOption.h">
      <Filter>Header Files\Control</Filter>
    </ClInclude>
    <ClInclude Include="Control\UIProgress.h">
      <Filter>Header Files\Control</Filter>
    </ClInclude>
    <ClInclude Include="Control\UIRichEdit.h">
      <Filter>Header Files\Control</Filter>
    </ClInclude>
    <ClInclude Include="Control\UIScrollBar.h">
      <Filter>Header Files\Control</Filter>
    </ClInclude>
    <ClInclude Include="Control\UISlider.h">
      <Filter>Header Files\Control</Filter>
    </ClInclude>
    <ClInclude Include="Control\UIText.h">
      <Filter>Header Files\Control</Filter>
    </ClInclude>
    <ClInclude Include="Control\UITreeView.h">
      <Filter>Header Files\Control</Filter>
    </ClInclude>
    <ClInclude Include="Control\UIWebBrowser.h">
      <Filter>Header Files\Control</Filter>
    </ClInclude>
    <ClInclude Include="animation\UIAnimation.h">
      <Filter>Header Files\Animation</Filter>
    </ClInclude>
    <ClInclude Include="animation\UIAnimationTabLayout.h">
      <Filter>Header Files\Animation</Filter>
    </ClInclude>
    <ClInclude Include="effect\UIFadeButton.h">
      <Filter>Header Files\Effect</Filter>
    </ClInclude>
    <ClInclude Include="effect\UIShadow.h">
      <Filter>Header Files\Effect</Filter>
    </ClInclude>
    <ClInclude Include="control\UIRotateButton.h">
      <Filter>Header Files\Control</Filter>
    </ClInclude>
    <ClInclude Include="animation\UIGifAnimation.h">
      <Filter>Header Files\Animation</Filter>
    </ClInclude>
    <ClInclude Include="control\UIMenu.h">
      <Filter>Header Files\Control</Filter>
    </ClInclude>
    <ClInclude Include="pattern\observer.h">
      <Filter>Header Files\Pattern</Filter>
    </ClInclude>
    <ClInclude Include="pattern\singleton.h">
      <Filter>Header Files\Pattern</Filter>
    </ClInclude>
    <ClInclude Include="utils\UIBaseDlg.h">
      <Filter>Header Files\Utils</Filter>
    </ClInclude>
    <ClInclude Include="Utils\UIBaseWnd.h">
      <Filter>Header Files\Utils</Filter>
    </ClInclude>
    <ClInclude Include="control\UIMenuEx.h">
      <Filter>Header Files\Control</Filter>
    </ClInclude>
  </ItemGroup>
</Project>